{
  "nodes": {
    "agenix": {
      "inputs": {
        "darwin": "darwin",
        "home-manager": "home-manager",
        "nixpkgs": "nixpkgs"
      },
      "locked": {
        "lastModified": 1703089996,
        "narHash": "sha256-ipqShkBmHKC9ft1ZAsA6aeKps32k7+XZSPwfxeHLsAU=",
        "rev": "564595d0ad4be7277e07fa63b5a991b3c645655d",
        "revCount": 278,
        "type": "tarball",
        "url": "https://api.flakehub.com/f/pinned/ryantm/agenix/0.15.0/018c881e-46d7-7e8a-88a8-5ee002de40f4/source.tar.gz"
      },
      "original": {
        "type": "tarball",
        "url": "https://flakehub.com/f/ryantm/agenix/0.15.0.tar.gz"
      }
    },
    "apple-silicon": {
      "inputs": {
        "flake-compat": "flake-compat",
        "nixpkgs": [
          "nixpkgs"
        ]
      },
      "locked": {
        "lastModified": 1785183046,
        "narHash": "sha256-O0S4JQ4C+2dMtKhGczURSvLvnpqHnSNcYE+GevqQQyU=",
        "owner": "nix-community",
        "repo": "nixos-apple-silicon",
        "rev": "e5e6d0ca7b16930ae3ecef862fb563c0132f40b5",
        "type": "github"
      },
      "original": {
        "owner": "nix-community",
        "repo": "nixos-apple-silicon",
        "type": "github"
      }
    },
    "asahi-firmware": {
      "flake": false,
      "locked": {
        "dir": "m1air",
        "lastModified": 1771644468,
        "narHash": "sha256-dTj8pATf22acXDmsa723r4FrL3KeEsR91/TF3E0xW9I=",
        "ref": "refs/heads/main",
        "rev": "36a27976a40cb9fcad148fbc26d7a2d127b22ded",
        "revCount": 2,
        "type": "git",
        "url": "ssh://git@github.com/Sheepheerd/asahi-firmware.git"
      },
      "original": {
        "dir": "m1air",
        "type": "git",
        "url": "ssh://git@github.com/Sheepheerd/asahi-firmware.git"
      }
    },
    "base16": {
      "inputs": {
        "fromYaml": "fromYaml"
      },
      "locked": {
        "lastModified": 1755819240,
        "narHash": "sha256-qcMhnL7aGAuFuutH4rq9fvAhCpJWVHLcHVZLtPctPlo=",
        "owner": "SenchoPens",
        "repo": "base16.nix",
        "rev": "75ed5e5e3fce37df22e49125181fa37899c3ccd6",
        "type": "github"
      },
      "original": {
        "owner": "SenchoPens",
        "repo": "base16.nix",
        "type": "github"
      }
    },
    "base16-fish": {
      "flake": false,
      "locked": {
        "lastModified": 1765809053,
        "narHash": "sha256-XCUQLoLfBJ8saWms2HCIj4NEN+xNsWBlU1NrEPcQG4s=",
        "owner": "tomyun",
        "repo": "base16-fish",
        "rev": "86cbea4dca62e08fb7fd83a70e96472f92574782",
        "type": "github"
      },
      "original": {
        "owner": "tomyun",
        "repo": "base16-fish",
        "rev": "86cbea4dca62e08fb7fd83a70e96472f92574782",
        "type": "github"
      }
    },
    "base16-helix": {
      "flake": false,
      "locked": {
        "lastModified": 1776754714,
        "narHash": "sha256-E3OAK27smtATTmX45uoTSRsVD+Y+ZiVVfgM/tjpbtYg=",
        "owner": "tinted-theming",
        "repo": "base16-helix",
        "rev": "4d508123037e7851ad36ebf7d9c48b0e9e1eb581",
        "type": "github"
      },
      "original": {
        "owner": "tinted-theming",
        "repo": "base16-helix",
        "type": "github"
      }
    },
    "base16-vim": {
      "flake": false,
      "locked": {
        "lastModified": 1732806396,
        "narHash": "sha256-e0bpPySdJf0F68Ndanwm+KWHgQiZ0s7liLhvJSWDNsA=",
        "owner": "tinted-theming",
        "repo": "base16-vim",
        "rev": "577fe8125d74ff456cf942c733a85d769afe58b7",
        "type": "github"
      },
      "original": {
        "owner": "tinted-theming",
        "repo": "base16-vim",
        "rev": "577fe8125d74ff456cf942c733a85d769afe58b7",
        "type": "github"
      }
    },
    "darwin": {
      "inputs": {
        "nixpkgs": [
          "agenix",
          "nixpkgs"
        ]
      },
      "locked": {
        "lastModified": 1673295039,
        "narHash": "sha256-AsdYgE8/GPwcelGgrntlijMg4t3hLFJFCRF3tL5WVjA=",
        "owner": "lnl7",
        "repo": "nix-darwin",
        "rev": "87b9d090ad39b25b2400029c64825fc2a8868943",
        "type": "github"
      },
      "original": {
        "owner": "lnl7",
        "ref": "master",
        "repo": "nix-darwin",
        "type": "github"
      }
    },
    "firefox-addons": {
      "inputs": {
        "nixpkgs": [
          "nixpkgs"
        ]
      },
      "locked": {
        "dir": "pkgs/firefox-addons",
        "lastModified": 1785211368,
        "narHash": "sha256-FJFp7T2KGoOhsT0cmXi38bFtrK/fB9jOs3KBoiNz6vQ=",
        "owner": "rycee",
        "repo": "nur-expressions",
        "rev": "854311a577a3646df9175010e943890aceef4d66",
        "type": "gitlab"
      },
      "original": {
        "dir": "pkgs/firefox-addons",
        "owner": "rycee",
        "repo": "nur-expressions",
        "type": "gitlab"
      }
    },
    "firefox-gnome-theme": {
      "flake": false,
      "locked": {
        "lastModified": 1782007937,
        "narHash": "sha256-PbnJr+eB+9Czol3ReI83dUgEhcn0sDK6TSy6ODTQm88=",
        "owner": "rafaelmardojai",
        "repo": "firefox-gnome-theme",
        "rev": "981bd332015397fb1ca033fa982bd61635160c78",
        "type": "github"
      },
      "original": {
        "owner": "rafaelmardojai",
        "repo": "firefox-gnome-theme",
        "type": "github"
      }
    },
    "flake-compat": {
      "locked": {
        "lastModified": 1761640442,
        "narHash": "sha256-AtrEP6Jmdvrqiv4x2xa5mrtaIp3OEe8uBYCDZDS+hu8=",
        "owner": "nix-community",
        "repo": "flake-compat",
        "rev": "4a56054d8ffc173222d09dad23adf4ba946c8884",
        "type": "github"
      },
      "original": {
        "owner": "nix-community",
        "repo": "flake-compat",
        "type": "github"
      }
    },
    "flake-compat_2": {
      "flake": false,
      "locked": {
        "lastModified": 1747046372,
        "narHash": "sha256-CIVLLkVgvHYbgI2UpXvIIBJ12HWgX+fjA8Xf8PUmqCY=",
        "owner": "edolstra",
        "repo": "flake-compat",
        "rev": "9100a0f413b0c601e0533d1d94ffd501ce2e7885",
        "type": "github"
      },
      "original": {
        "owner": "edolstra",
        "repo": "flake-compat",
        "type": "github"
      }
    },
    "flake-compat_3": {
      "flake": false,
      "locked": {
        "lastModified": 1747046372,
        "narHash": "sha256-CIVLLkVgvHYbgI2UpXvIIBJ12HWgX+fjA8Xf8PUmqCY=",
        "owner": "edolstra",
        "repo": "flake-compat",
        "rev": "9100a0f413b0c601e0533d1d94ffd501ce2e7885",
        "type": "github"
      },
      "original": {
        "owner": "edolstra",
        "repo": "flake-compat",
        "type": "github"
      }
    },
    "flake-parts": {
      "inputs": {
        "nixpkgs-lib": "nixpkgs-lib"
      },
      "locked": {
        "lastModified": 1782949081,
        "narHash": "sha256-vp6Y/Grm98ESt6ceOkWiHWyZRDV3J1RID4w+6NWK9yA=",
        "rev": "17c9d6cdfc60c64f4ee8d306f9bc0b4ccb51481e",
        "revCount": 480,
        "type": "tarball",
        "url": "https://api.flakehub.com/f/pinned/hercules-ci/flake-parts/0.1.480%2Brev-17c9d6cdfc60c64f4ee8d306f9bc0b4ccb51481e/019f2195-dee5-7233-9747-eca0c27f7406/source.tar.gz"
      },
      "original": {
        "type": "tarball",
        "url": "https://flakehub.com/f/hercules-ci/flake-parts/0.1.406.tar.gz"
      }
    },
    "flake-parts_2": {
      "inputs": {
        "nixpkgs-lib": [
          "nixvim",
          "nixpkgs"
        ]
      },
      "locked": {
        "lastModified": 1782949081,
        "narHash": "sha256-vp6Y/Grm98ESt6ceOkWiHWyZRDV3J1RID4w+6NWK9yA=",
        "owner": "hercules-ci",
        "repo": "flake-parts",
        "rev": "17c9d6cdfc60c64f4ee8d306f9bc0b4ccb51481e",
        "type": "github"
      },
      "original": {
        "owner": "hercules-ci",
        "repo": "flake-parts",
        "type": "github"
      }
    },
    "flake-parts_3": {
      "inputs": {
        "nixpkgs-lib": [
          "stylix",
          "nixpkgs"
        ]
      },
      "locked": {
        "lastModified": 1782949081,
        "narHash": "sha256-vp6Y/Grm98ESt6ceOkWiHWyZRDV3J1RID4w+6NWK9yA=",
        "owner": "hercules-ci",
        "repo": "flake-parts",
        "rev": "17c9d6cdfc60c64f4ee8d306f9bc0b4ccb51481e",
        "type": "github"
      },
      "original": {
        "owner": "hercules-ci",
        "repo": "flake-parts",
        "type": "github"
      }
    },
    "flake-utils": {
      "inputs": {
        "systems": "systems"
      },
      "locked": {
        "lastModified": 1731533236,
        "narHash": "sha256-l0KFg5HjrsfsO/JpG+r7fRrqm12kzFHyUHqHCVpMMbI=",
        "owner": "numtide",
        "repo": "flake-utils",
        "rev": "11707dc2f618dd54ca8739b309ec4fc024de578b",
        "type": "github"
      },
      "original": {
        "owner": "numtide",
        "repo": "flake-utils",
        "type": "github"
      }
    },
    "flake-utils_2": {
      "inputs": {
        "systems": "systems_3"
      },
      "locked": {
        "lastModified": 1710146030,
        "narHash": "sha256-SZ5L6eA7HJ/nmkzGG7/ISclqe6oZdOZTNoesiInkXPQ=",
        "owner": "numtide",
        "repo": "flake-utils",
        "rev": "b1d9ab70662946ef0850d488da1c9019f3a9752a",
        "type": "github"
      },
      "original": {
        "owner": "numtide",
        "repo": "flake-utils",
        "type": "github"
      }
    },
    "fromYaml": {
      "flake": false,
      "locked": {
        "lastModified": 1731966426,
        "narHash": "sha256-lq95WydhbUTWig/JpqiB7oViTcHFP8Lv41IGtayokA8=",
        "owner": "SenchoPens",
        "repo": "fromYaml",
        "rev": "106af9e2f715e2d828df706c386a685698f3223b",
        "type": "github"
      },
      "original": {
        "owner": "SenchoPens",
        "repo": "fromYaml",
        "type": "github"
      }
    },
    "ghdl": {
      "inputs": {
        "ghdl-src": "ghdl-src",
        "nixpkgs": "nixpkgs_2"
      },
      "locked": {
        "lastModified": 1759800516,
        "narHash": "sha256-tQamOYU0kd4OnjwDw5NYTYNMkad14fdDKcIkV98N4wo=",
        "owner": "Sheepheerd",
        "repo": "nix-ghdl",
        "rev": "d9c4d1fc8552fa95f07d82e6911f82149d815d07",
        "type": "github"
      },
      "original": {
        "owner": "Sheepheerd",
        "repo": "nix-ghdl",
        "type": "github"
      }
    },
    "ghdl-src": {
      "flake": false,
      "locked": {
        "lastModified": 1758048239,
        "narHash": "sha256-fhulmyrozdUIBMubPwndudLECr++dQmMlZ0D6IC1PHw=",
        "owner": "ghdl",
        "repo": "ghdl",
        "rev": "44c4af1cd0673f1ed97c8abc04596a78bd9d2a0f",
        "type": "github"
      },
      "original": {
        "owner": "ghdl",
        "repo": "ghdl",
        "type": "github"
      }
    },
    "gnome-shell": {
      "flake": false,
      "locked": {
        "host": "gitlab.gnome.org",
        "lastModified": 1776175984,
        "narHash": "sha256-RJFlFW8GiMei6oqUGrMkGEvVqOH8U7Q8abc1yK4VKD8=",
        "owner": "GNOME",
        "repo": "gnome-shell",
        "rev": "e0fdc4c13250e9a9b8ea9594c83925274f4a5dca",
        "type": "gitlab"
      },
      "original": {
        "host": "gitlab.gnome.org",
        "owner": "GNOME",
        "ref": "50.1",
        "repo": "gnome-shell",
        "type": "gitlab"
      }
    },
    "home-manager": {
      "inputs": {
        "nixpkgs": [
          "agenix",
          "nixpkgs"
        ]
      },
      "locked": {
        "lastModified": 1682203081,
        "narHash": "sha256-kRL4ejWDhi0zph/FpebFYhzqlOBrk0Pl3dzGEKSAlEw=",
        "owner": "nix-community",
        "repo": "home-manager",
        "rev": "32d3e39c491e2f91152c84f8ad8b003420eab0a1",
        "type": "github"
      },
      "original": {
        "owner": "nix-community",
        "repo": "home-manager",
        "type": "github"
      }
    },
    "home-manager_2": {
      "inputs": {
        "nixpkgs": [
          "nixpkgs"
        ]
      },
      "locked": {
        "lastModified": 1785239295,
        "narHash": "sha256-aYFoftXjm7Df7CAoR0XoMQjJ9rTZ/l9d1jr9EqD7sHM=",
        "owner": "nix-community",
        "repo": "home-manager",
        "rev": "42bb40f7aaab63a107b64a20c4a4ade6550758d0",
        "type": "github"
      },
      "original": {
        "owner": "nix-community",
        "ref": "master",
        "repo": "home-manager",
        "type": "github"
      }
    },
    "hyprlang": {
      "inputs": {
        "nixpkgs": [
          "rose-pine-hyprcursor",
          "nixpkgs"
        ],
        "systems": "systems_5"
      },
      "locked": {
        "lastModified": 1709914708,
        "narHash": "sha256-bR4o3mynoTa1Wi4ZTjbnsZ6iqVcPGriXp56bZh5UFTk=",
        "owner": "hyprwm",
        "repo": "hyprlang",
        "rev": "a685493fdbeec01ca8ccdf1f3655c044a8ce2fe2",
        "type": "github"
      },
      "original": {
        "owner": "hyprwm",
        "repo": "hyprlang",
        "type": "github"
      }
    },
    "jovian": {
      "inputs": {
        "nix-github-actions": "nix-github-actions",
        "nixpkgs": [
          "nixpkgs"
        ]
      },
      "locked": {
        "lastModified": 1784963415,
        "narHash": "sha256-FycEkL1vvoKEuTzkW3Hz9kQeyqK1+TV7mLc3/rus3w4=",
        "owner": "Jovian-Experiments",
        "repo": "Jovian-NixOS",
        "rev": "be17a1eeb43b5d80028bb4e217234298e663738a",
        "type": "github"
      },
      "original": {
        "owner": "Jovian-Experiments",
        "repo": "Jovian-NixOS",
        "type": "github"
      }
    },
    "microvm": {
      "inputs": {
        "nixpkgs": [
          "nixpkgs"
        ],
        "spectrum": "spectrum"
      },
      "locked": {
        "lastModified": 1785246989,
        "narHash": "sha256-7CjGBACbXXIJvGrPed75QI8ytqc48M78GP9aB/h2VSc=",
        "owner": "microvm-nix",
        "repo": "microvm.nix",
        "rev": "39a499ab85311b56dddb09ec43351cc3658f22c1",
        "type": "github"
      },
      "original": {
        "owner": "microvm-nix",
        "repo": "microvm.nix",
        "type": "github"
      }
    },
    "nix-darwin": {
      "inputs": {
        "nixpkgs": [
          "nixpkgs"
        ]
      },
      "locked": {
        "lastModified": 1784500460,
        "narHash": "sha256-UvORnAxTRHax7RG74W8Z2t4GvIkX6AjJ5kk0QlwZomo=",
        "owner": "nix-darwin",
        "repo": "nix-darwin",
        "rev": "57a3171f94705599a2499248ca5758d5eb47c0e0",
        "type": "github"
      },
      "original": {
        "owner": "nix-darwin",
        "ref": "master",
        "repo": "nix-darwin",
        "type": "github"
      }
    },
    "nix-github-actions": {
      "inputs": {
        "nixpkgs": [
          "jovian",
          "nixpkgs"
        ]
      },
      "locked": {
        "lastModified": 1729697500,
        "narHash": "sha256-VFTWrbzDlZyFHHb1AlKRiD/qqCJIripXKiCSFS8fAOY=",
        "owner": "zhaofengli",
        "repo": "nix-github-actions",
        "rev": "e418aeb728b6aa5ca8c5c71974e7159c2df1d8cf",
        "type": "github"
      },
      "original": {
        "owner": "zhaofengli",
        "ref": "matrix-name",
        "repo": "nix-github-actions",
        "type": "github"
      }
    },
    "nix-github-actions_2": {
      "inputs": {
        "nixpkgs": [
          "openconnect-sso",
          "poetry2nix",
          "nixpkgs"
        ]
      },
      "locked": {
        "lastModified": 1703863825,
        "narHash": "sha256-rXwqjtwiGKJheXB43ybM8NwWB8rO2dSRrEqes0S7F5Y=",
        "owner": "nix-community",
        "repo": "nix-github-actions",
        "rev": "5163432afc817cf8bd1f031418d1869e4c9d5547",
        "type": "github"
      },
      "original": {
        "owner": "nix-community",
        "repo": "nix-github-actions",
        "type": "github"
      }
    },
    "nix-matlab": {
      "inputs": {
        "flake-compat": "flake-compat_2",
        "nixpkgs": [
          "nixpkgs"
        ]
      },
      "locked": {
        "lastModified": 1754476755,
        "narHash": "sha256-vSF0VMEmPMzwNkrXIZwkhOSYmKES9BaDK/LlEe7/q8E=",
        "owner": "doronbehar",
        "repo": "nix-matlab",
        "rev": "0e9c9fb660f9e1a1e4d59fd083e0212a15b513e2",
        "type": "gitlab"
      },
      "original": {
        "owner": "doronbehar",
        "repo": "nix-matlab",
        "type": "gitlab"
      }
    },
    "nix-xilinx": {
      "inputs": {
        "flake-compat": "flake-compat_3",
        "nixpkgs": [
          "nixpkgs"
        ]
      },
      "locked": {
        "lastModified": 1754476389,
        "narHash": "sha256-lNaE2VobMUPCqn+jkI77z9aDz2qNsNKrG8eZ/1iPObk=",
        "owner": "doronbehar",
        "repo": "nix-xilinx",
        "rev": "2c1c95c8592af3e007956ca166cf63eb02b0515a",
        "type": "gitlab"
      },
      "original": {
        "owner": "doronbehar",
        "repo": "nix-xilinx",
        "type": "gitlab"
      }
    },
    "nixarr": {
      "inputs": {
        "nixpkgs": [
          "nixpkgs"
        ],
        "treefmt-nix": "treefmt-nix",
        "vpnconfinement": "vpnconfinement",
        "website-builder": "website-builder"
      },
      "locked": {
        "lastModified": 1784997863,
        "narHash": "sha256-oTMag4I9MW3bstuOKqzc0F1OqxO49lLa9jkSkRe3EqA=",
        "owner": "rasmus-kirk",
        "repo": "nixarr",
        "rev": "282ce99b31d52d72cca281e3d26d3dd267946800",
        "type": "github"
      },
      "original": {
        "owner": "rasmus-kirk",
        "repo": "nixarr",
        "type": "github"
      }
    },
    "nixgl": {
      "inputs": {
        "flake-utils": "flake-utils",
        "nixpkgs": "nixpkgs_3"
      },
      "locked": {
        "lastModified": 1762090880,
        "narHash": "sha256-fbRQzIGPkjZa83MowjbD2ALaJf9y6KMDdJBQMKFeY/8=",
        "owner": "guibou",
        "repo": "nixGL",
        "rev": "b6105297e6f0cd041670c3e8628394d4ee247ed5",
        "type": "github"
      },
      "original": {
        "owner": "guibou",
        "repo": "nixGL",
        "type": "github"
      }
    },
    "nixpkgs": {
      "locked": {
        "lastModified": 1677676435,
        "narHash": "sha256-6FxdcmQr5JeZqsQvfinIMr0XcTyTuR7EXX0H3ANShpQ=",
        "owner": "NixOS",
        "repo": "nixpkgs",
        "rev": "a08d6979dd7c82c4cef0dcc6ac45ab16051c1169",
        "type": "github"
      },
      "original": {
        "owner": "NixOS",
        "ref": "nixos-unstable",
        "repo": "nixpkgs",
        "type": "github"
      }
    },
    "nixpkgs-lib": {
      "locked": {
        "lastModified": 1782614948,
        "narHash": "sha256-ePjCwr1sNm9NYUqywL7QfK3JnlS015msC+eBu2zKlp8=",
        "owner": "nix-community",
        "repo": "nixpkgs.lib",
        "rev": "db3f255737b94216eb71cce308e2912cf6bc2d7c",
        "type": "github"
      },
      "original": {
        "owner": "nix-community",
        "repo": "nixpkgs.lib",
        "type": "github"
      }
    },
    "nixpkgs-openconnect-sso": {
      "locked": {
        "lastModified": 1716361217,
        "narHash": "sha256-mzZDr00WUiUXVm1ujBVv6A0qRd8okaITyUp4ezYRgc4=",
        "owner": "nixos",
        "repo": "nixpkgs",
        "rev": "46397778ef1f73414b03ed553a3368f0e7e33c2f",
        "type": "github"
      },
      "original": {
        "owner": "nixos",
        "repo": "nixpkgs",
        "rev": "46397778ef1f73414b03ed553a3368f0e7e33c2f",
        "type": "github"
      }
    },
    "nixpkgs-stable": {
      "locked": {
        "lastModified": 1782847189,
        "narHash": "sha256-twXPFqFsrrY5r28Zh7Homgcp2gUMBgQ6WDS98Q/3xFI=",
        "owner": "NixOS",
        "repo": "nixpkgs",
        "rev": "b6018f87da91d19d0ab4cf979885689b469cdd41",
        "type": "github"
      },
      "original": {
        "owner": "NixOS",
        "ref": "nixos-25.11",
        "repo": "nixpkgs",
        "type": "github"
      }
    },
    "nixpkgs_2": {
      "locked": {
        "lastModified": 1758035966,
        "narHash": "sha256-qqIJ3yxPiB0ZQTT9//nFGQYn8X/PBoJbofA7hRKZnmE=",
        "owner": "NixOS",
        "repo": "nixpkgs",
        "rev": "8d4ddb19d03c65a36ad8d189d001dc32ffb0306b",
        "type": "github"
      },
      "original": {
        "owner": "NixOS",
        "ref": "nixos-unstable",
        "repo": "nixpkgs",
        "type": "github"
      }
    },
    "nixpkgs_3": {
      "locked": {
        "lastModified": 1746378225,
        "narHash": "sha256-OeRSuL8PUjIfL3Q0fTbNJD/fmv1R+K2JAOqWJd3Oceg=",
        "owner": "nixos",
        "repo": "nixpkgs",
        "rev": "93e8cdce7afc64297cfec447c311470788131cd9",
        "type": "github"
      },
      "original": {
        "owner": "nixos",
        "repo": "nixpkgs",
        "type": "github"
      }
    },
    "nixpkgs_4": {
      "locked": {
        "lastModified": 1785090369,
        "narHash": "sha256-m0pDuRJG7EDo9ri+4Ksu83VsI+PlxNC9lNBfydejce4=",
        "owner": "nixos",
        "repo": "nixpkgs",
        "rev": "624af665418d3c65d544145b4d34ad696439570e",
        "type": "github"
      },
      "original": {
        "owner": "nixos",
        "ref": "nixos-unstable",
        "repo": "nixpkgs",
        "type": "github"
      }
    },
    "nixvim": {
      "inputs": {
        "flake-parts": "flake-parts_2",
        "nixpkgs": [
          "nixpkgs"
        ],
        "systems": "systems_2"
      },
      "locked": {
        "lastModified": 1785001306,
        "narHash": "sha256-xWqmquUtqKXLeDZ1oQUO+rV4sjA9TShIJhLL8M5Bozo=",
        "owner": "nix-community",
        "repo": "nixvim",
        "rev": "48409beb41e8e28b64e8160ca82d8a93fb628963",
        "type": "github"
      },
      "original": {
        "owner": "nix-community",
        "repo": "nixvim",
        "type": "github"
      }
    },
    "nur": {
      "inputs": {
        "flake-parts": [
          "stylix",
          "flake-parts"
        ],
        "nixpkgs": [
          "stylix",
          "nixpkgs"
        ]
      },
      "locked": {
        "lastModified": 1783439237,
        "narHash": "sha256-WUr8JF2v3n4Y30E5dxv4sAgNJXpVDBoCQNoQ/V4+n4o=",
        "owner": "nix-community",
        "repo": "NUR",
        "rev": "b70bb66c7bcd162642f3a609bc16843c7059f503",
        "type": "github"
      },
      "original": {
        "owner": "nix-community",
        "repo": "NUR",
        "type": "github"
      }
    },
    "openconnect-sso": {
      "inputs": {
        "flake-utils": "flake-utils_2",
        "nixpkgs": [
          "nixpkgs-openconnect-sso"
        ],
        "poetry2nix": "poetry2nix"
      },
      "locked": {
        "lastModified": 1716831118,
        "narHash": "sha256-38jjxX49fimjDnp88tdAGNjVuo/7kyouOOhsuFhRTSc=",
        "owner": "jcszymansk",
        "repo": "openconnect-sso",
        "rev": "392b78e83d1ab5101920187cc4f02b4667aa8b4e",
        "type": "github"
      },
      "original": {
        "owner": "jcszymansk",
        "repo": "openconnect-sso",
        "type": "github"
      }
    },
    "poetry2nix": {
      "inputs": {
        "flake-utils": [
          "openconnect-sso",
          "flake-utils"
        ],
        "nix-github-actions": "nix-github-actions_2",
        "nixpkgs": [
          "openconnect-sso",
          "nixpkgs"
        ],
        "systems": "systems_4",
        "treefmt-nix": "treefmt-nix_2"
      },
      "locked": {
        "lastModified": 1715251496,
        "narHash": "sha256-vRBfJCKvJtu5sYev56XStirA3lAOPv0EkoEV2Nfc+tc=",
        "owner": "nix-community",
        "repo": "poetry2nix",
        "rev": "291a863e866972f356967d0a270b259f46bf987f",
        "type": "github"
      },
      "original": {
        "owner": "nix-community",
        "ref": "2024.5.939250",
        "repo": "poetry2nix",
        "type": "github"
      }
    },
    "root": {
      "inputs": {
        "agenix": "agenix",
        "apple-silicon": "apple-silicon",
        "asahi-firmware": "asahi-firmware",
        "firefox-addons": "firefox-addons",
        "flake-parts": "flake-parts",
        "ghdl": "ghdl",
        "home-manager": "home-manager_2",
        "jovian": "jovian",
        "microvm": "microvm",
        "nix-darwin": "nix-darwin",
        "nix-matlab": "nix-matlab",
        "nix-xilinx": "nix-xilinx",
        "nixarr": "nixarr",
        "nixgl": "nixgl",
        "nixpkgs": "nixpkgs_4",
        "nixpkgs-openconnect-sso": "nixpkgs-openconnect-sso",
        "nixpkgs-stable": "nixpkgs-stable",
        "nixvim": "nixvim",
        "openconnect-sso": "openconnect-sso",
        "rose-pine-hyprcursor": "rose-pine-hyprcursor",
        "stylix": "stylix",
        "systems": "systems_8"
      }
    },
    "rose-pine-hyprcursor": {
      "inputs": {
        "hyprlang": "hyprlang",
        "nixpkgs": [
          "nixpkgs"
        ],
        "utils": "utils"
      },
      "locked": {
        "lastModified": 1748096947,
        "narHash": "sha256-ouuA8LVBXzrbYwPW2vNjh7fC9H2UBud/1tUiIM5vPvM=",
        "owner": "ndom91",
        "repo": "rose-pine-hyprcursor",
        "rev": "4b02963d0baf0bee18725cf7c5762b3b3c1392f1",
        "type": "github"
      },
      "original": {
        "owner": "ndom91",
        "repo": "rose-pine-hyprcursor",
        "type": "github"
      }
    },
    "spectrum": {
      "flake": false,
      "locked": {
        "lastModified": 1783694892,
        "narHash": "sha256-xO8f7Qng+18FK2UlB9vcrkxCaQMCt5WjCH24aW/11eg=",
        "ref": "refs/heads/main",
        "rev": "24c4346e30fdea8d8e80f34aec3554a15a667d24",
        "revCount": 1410,
        "type": "git",
        "url": "https://spectrum-os.org/git/spectrum"
      },
      "original": {
        "type": "git",
        "url": "https://spectrum-os.org/git/spectrum"
      }
    },
    "stylix": {
      "inputs": {
        "base16": "base16",
        "base16-fish": "base16-fish",
        "base16-helix": "base16-helix",
        "base16-vim": "base16-vim",
        "firefox-gnome-theme": "firefox-gnome-theme",
        "flake-parts": "flake-parts_3",
        "gnome-shell": "gnome-shell",
        "nixpkgs": [
          "nixpkgs"
        ],
        "nur": "nur",
        "systems": "systems_7",
        "tinted-kitty": "tinted-kitty",
        "tinted-schemes": "tinted-schemes",
        "tinted-tmux": "tinted-tmux",
        "tinted-zed": "tinted-zed"
      },
      "locked": {
        "lastModified": 1784676123,
        "narHash": "sha256-ndyanKzw90yX2nUVFmTuYqXidUNymtMfgmIHyNdhht0=",
        "rev": "66714e5ce44269ecc58c20d9196da8dbe1b27a31",
        "revCount": 1453,
        "type": "tarball",
        "url": "https://api.flakehub.com/f/pinned/nix-community/stylix/0.1.1453%2Brev-66714e5ce44269ecc58c20d9196da8dbe1b27a31/019f887c-0c59-73b0-b97f-c6441275d496/source.tar.gz"
      },
      "original": {
        "type": "tarball",
        "url": "https://flakehub.com/f/nix-community/stylix/0.1.1223.tar.gz"
      }
    },
    "systems": {
      "locked": {
        "lastModified": 1681028828,
        "narHash": "sha256-Vy1rq5AaRuLzOxct8nz4T6wlgyUR7zLU309k9mBC768=",
        "owner": "nix-systems",
        "repo": "default",
        "rev": "da67096a3b9bf56a91d16901293e51ba5b49a27e",
        "type": "github"
      },
      "original": {
        "owner": "nix-systems",
        "repo": "default",
        "type": "github"
      }
    },
    "systems_2": {
      "locked": {
        "lastModified": 1774449309,
        "narHash": "sha256-brhZ8DmuGtzkCYHJg4HEd602amKm89Y9ytsFZ5uWD1w=",
        "owner": "nix-systems",
        "repo": "default",
        "rev": "c29398b59d2048c4ab79345812849c9bd15e9150",
        "type": "github"
      },
      "original": {
        "owner": "nix-systems",
        "ref": "future-26.11",
        "repo": "default",
        "type": "github"
      }
    },
    "systems_3": {
      "locked": {
        "lastModified": 1681028828,
        "narHash": "sha256-Vy1rq5AaRuLzOxct8nz4T6wlgyUR7zLU309k9mBC768=",
        "owner": "nix-systems",
        "repo": "default",
        "rev": "da67096a3b9bf56a91d16901293e51ba5b49a27e",
        "type": "github"
      },
      "original": {
        "owner": "nix-systems",
        "repo": "default",
        "type": "github"
      }
    },
    "systems_4": {
      "locked": {
        "lastModified": 1681028828,
        "narHash": "sha256-Vy1rq5AaRuLzOxct8nz4T6wlgyUR7zLU309k9mBC768=",
        "owner": "nix-systems",
        "repo": "default",
        "rev": "da67096a3b9bf56a91d16901293e51ba5b49a27e",
        "type": "github"
      },
      "original": {
        "id": "systems",
        "type": "indirect"
      }
    },
    "systems_5": {
      "locked": {
        "lastModified": 1689347949,
        "narHash": "sha256-12tWmuL2zgBgZkdoB6qXZsgJEH9LR3oUgpaQq2RbI80=",
        "owner": "nix-systems",
        "repo": "default-linux",
        "rev": "31732fcf5e8fea42e59c2488ad31a0e651500f68",
        "type": "github"
      },
      "original": {
        "owner": "nix-systems",
        "repo": "default-linux",
        "type": "github"
      }
    },
    "systems_6": {
      "locked": {
        "lastModified": 1681028828,
        "narHash": "sha256-Vy1rq5AaRuLzOxct8nz4T6wlgyUR7zLU309k9mBC768=",
        "owner": "nix-systems",
        "repo": "default",
        "rev": "da67096a3b9bf56a91d16901293e51ba5b49a27e",
        "type": "github"
      },
      "original": {
        "owner": "nix-systems",
        "repo": "default",
        "type": "github"
      }
    },
    "systems_7": {
      "locked": {
        "lastModified": 1681028828,
        "narHash": "sha256-Vy1rq5AaRuLzOxct8nz4T6wlgyUR7zLU309k9mBC768=",
        "owner": "nix-systems",
        "repo": "default",
        "rev": "da67096a3b9bf56a91d16901293e51ba5b49a27e",
        "type": "github"
      },
      "original": {
        "owner": "nix-systems",
        "repo": "default",
        "type": "github"
      }
    },
    "systems_8": {
      "locked": {
        "lastModified": 1681028828,
        "narHash": "sha256-Vy1rq5AaRuLzOxct8nz4T6wlgyUR7zLU309k9mBC768=",
        "owner": "nix-systems",
        "repo": "default",
        "rev": "da67096a3b9bf56a91d16901293e51ba5b49a27e",
        "type": "github"
      },
      "original": {
        "owner": "nix-systems",
        "repo": "default",
        "type": "github"
      }
    },
    "tinted-kitty": {
      "flake": false,
      "locked": {
        "lastModified": 1735730497,
        "narHash": "sha256-4KtB+FiUzIeK/4aHCKce3V9HwRvYaxX+F1edUrfgzb8=",
        "owner": "tinted-theming",
        "repo": "tinted-kitty",
        "rev": "de6f888497f2c6b2279361bfc790f164bfd0f3fa",
        "type": "github"
      },
      "original": {
        "owner": "tinted-theming",
        "repo": "tinted-kitty",
        "type": "github"
      }
    },
    "tinted-schemes": {
      "flake": false,
      "locked": {
        "lastModified": 1781968807,
        "narHash": "sha256-yYO3Vw2M0y3TAUqt+9+Mj0zwP3XDTF5/PXcPhhFQ1ZM=",
        "owner": "tinted-theming",
        "repo": "schemes",
        "rev": "2ccef2f4b22e3cab5a9292811f7133a07eeba4a7",
        "type": "github"
      },
      "original": {
        "owner": "tinted-theming",
        "repo": "schemes",
        "type": "github"
      }
    },
    "tinted-tmux": {
      "flake": false,
      "locked": {
        "lastModified": 1782012462,
        "narHash": "sha256-2iDiD8DQLwS1lGuD9TS8WlvNyDoTs6krWntJbtB2zGo=",
        "owner": "tinted-theming",
        "repo": "tinted-tmux",
        "rev": "8c4e750f738a742bd73377ee41d3dadedebedef4",
        "type": "github"
      },
      "original": {
        "owner": "tinted-theming",
        "repo": "tinted-tmux",
        "type": "github"
      }
    },
    "tinted-zed": {
      "flake": false,
      "locked": {
        "lastModified": 1782009766,
        "narHash": "sha256-VUhBjpGvWqHI7rWeyMYb/u87YJSXHKfVV6S+IelWeO8=",
        "owner": "tinted-theming",
        "repo": "base16-zed",
        "rev": "5e8350bcd354e3241ab681a265fa6ef060c40be1",
        "type": "github"
      },
      "original": {
        "owner": "tinted-theming",
        "repo": "base16-zed",
        "type": "github"
      }
    },
    "treefmt-nix": {
      "inputs": {
        "nixpkgs": [
          "nixarr",
          "nixpkgs"
        ]
      },
      "locked": {
        "lastModified": 1775125835,
        "narHash": "sha256-2qYcPgzFhnQWchHo0SlqLHrXpux5i6ay6UHA+v2iH4U=",
        "owner": "numtide",
        "repo": "treefmt-nix",
        "rev": "75925962939880974e3ab417879daffcba36c4a3",
        "type": "github"
      },
      "original": {
        "owner": "numtide",
        "repo": "treefmt-nix",
        "type": "github"
      }
    },
    "treefmt-nix_2": {
      "inputs": {
        "nixpkgs": [
          "openconnect-sso",
          "poetry2nix",
          "nixpkgs"
        ]
      },
      "locked": {
        "lastModified": 1715940852,
        "narHash": "sha256-wJqHMg/K6X3JGAE9YLM0LsuKrKb4XiBeVaoeMNlReZg=",
        "owner": "numtide",
        "repo": "treefmt-nix",
        "rev": "2fba33a182602b9d49f0b2440513e5ee091d838b",
        "type": "github"
      },
      "original": {
        "owner": "numtide",
        "repo": "treefmt-nix",
        "type": "github"
      }
    },
    "utils": {
      "inputs": {
        "systems": "systems_6"
      },
      "locked": {
        "lastModified": 1710146030,
        "narHash": "sha256-SZ5L6eA7HJ/nmkzGG7/ISclqe6oZdOZTNoesiInkXPQ=",
        "owner": "numtide",
        "repo": "flake-utils",
        "rev": "b1d9ab70662946ef0850d488da1c9019f3a9752a",
        "type": "github"
      },
      "original": {
        "owner": "numtide",
        "repo": "flake-utils",
        "type": "github"
      }
    },
    "vpnconfinement": {
      "locked": {
        "lastModified": 1767604552,
        "narHash": "sha256-FddhMxnc99KYOZ/S3YNqtDSoxisIhVtJ7L4s8XD2u0A=",
        "owner": "Maroka-chan",
        "repo": "VPN-Confinement",
        "rev": "a6b2da727853886876fd1081d6bb2880752937f3",
        "type": "github"
      },
      "original": {
        "owner": "Maroka-chan",
        "repo": "VPN-Confinement",
        "type": "github"
      }
    },
    "website-builder": {
      "inputs": {
        "nixpkgs": [
          "nixarr",
          "nixpkgs"
        ]
      },
      "locked": {
        "lastModified": 1771957511,
        "narHash": "sha256-MxpsyVQguwmeN40gblvcYLtL4xiriGYB6UyP+JergpQ=",
        "owner": "rasmus-kirk",
        "repo": "website-builder",
        "rev": "896af41c1a01f934799356f1f51cfddff2abda82",
        "type": "github"
      },
      "original": {
        "owner": "rasmus-kirk",
        "repo": "website-builder",
        "type": "github"
      }
    }
  },
  "root": "root",
  "version": 7
}
